
Microsoft Visual Studio Solution File, Format Version 12.00
# Visual Studio 14
VisualStudioVersion = 14.0.23107.0
MinimumVisualStudioVersion = 10.0.40219.1
Project("{FAE04EC0-301F-11D3-BF4B-00C04F79EFBC}") = "ConsoleApplication1", "ConsoleApplication1\ConsoleApplication1.csproj", "{ABF1FDD1-5ED2-4EB6-B75A-7EB8902719E7}"
EndProject
Project("{FAE04EC0-301F-11D3-BF4B-00C04F79EFBC}") = "model", "model\model.csproj", "{E13F22EF-6344-47D4-AFFF-3770E53A2928}"
EndProject
Project("{2150E333-8FDC-42A3-9474-1A3956D46DE8}") = "备忘录", "备忘录", "{73BD5DB3-1D7A-4E65-97D8-484897FBDAE2}"
	ProjectSection(SolutionItems) = preProject
		..\memorandum\everyday.txt = ..\memorandum\everyday.txt
		..\memorandum\git.txt = ..\memorandum\git.txt
		loan.md = loan.md
		oracle.md = oracle.md
		SqlServer.md = SqlServer.md
		SqlServer.sql = SqlServer.sql
		technologyStack.md = technologyStack.md
	EndProjectSection
EndProject
Project("{FAE04EC0-301F-11D3-BF4B-00C04F79EFBC}") = "webApp", "webApp\webApp.csproj", "{A3D89CDE-4187-480E-A844-091FCF348375}"
EndProject
Project("{FAE04EC0-301F-11D3-BF4B-00C04F79EFBC}") = "ConsoleOracleEFTest", "ConsoleOracleEFTest\ConsoleOracleEFTest.csproj", "{0E28B112-E036-4082-8940-FC943EFB6567}"
EndProject
Project("{FAE04EC0-301F-11D3-BF4B-00C04F79EFBC}") = "oracleConsol", "oracleConsol\oracleConsol.csproj", "{6424C288-BB17-4E15-BA15-4CA71B5785A7}"
EndProject
Project("{2150E333-8FDC-42A3-9474-1A3956D46DE8}") = "OA", "OA", "{68D90BE3-4ED2-4292-AB0A-6ADC98F2FE45}"
EndProject
Project("{FAE04EC0-301F-11D3-BF4B-00C04F79EFBC}") = "Entity", "Entity\Entity.csproj", "{3CB345E4-FE3A-405C-BB17-A1A0B47DC589}"
EndProject
Project("{FAE04EC0-301F-11D3-BF4B-00C04F79EFBC}") = "BLL", "BLL\BLL.csproj", "{79838D27-1653-40B4-BAD9-193D1ECB0850}"
EndProject
Project("{FAE04EC0-301F-11D3-BF4B-00C04F79EFBC}") = "OA.DAL.SqlPrivider", "OA.DAL.SqlPrivider\OA.DAL.SqlPrivider.csproj", "{59802831-63E1-4132-A492-311B4CC8057E}"
EndProject
Project("{FAE04EC0-301F-11D3-BF4B-00C04F79EFBC}") = "OA.IDAL", "OA.IDAL\OA.IDAL.csproj", "{BF91283A-CD52-4188-B001-005E565C601A}"
EndProject
Project("{FAE04EC0-301F-11D3-BF4B-00C04F79EFBC}") = "OA.DALFactory", "OA.DALFactory\OA.DALFactory.csproj", "{439C1286-75F8-4492-963B-7EA5B9336067}"
EndProject
Project("{2150E333-8FDC-42A3-9474-1A3956D46DE8}") = "membership", "membership", "{A12252E1-A889-4CC6-9446-F86EF33E79B1}"
EndProject
Project("{FAE04EC0-301F-11D3-BF4B-00C04F79EFBC}") = "OtherMemberShipProvider", "OtherMemberShipProvider\OtherMemberShipProvider.csproj", "{30FF1A06-3529-4975-8BF7-3A67411320B0}"
EndProject
Project("{FAE04EC0-301F-11D3-BF4B-00C04F79EFBC}") = "JieNetOA", "JieNetOA\JieNetOA.csproj", "{BB8C929C-9C29-4304-AE50-6FAD0B4E27F7}"
EndProject
Project("{FAE04EC0-301F-11D3-BF4B-00C04F79EFBC}") = "webform", "webform\webform.csproj", "{5A1B9A9E-993B-4C5B-B400-F2E911E10E86}"
EndProject
Project("{FAE04EC0-301F-11D3-BF4B-00C04F79EFBC}") = "MembershipFactory", "MembershipFactory\MembershipFactory.csproj", "{4151E39E-CAD0-43DE-A306-BF88CD5DD18B}"
EndProject
Project("{FAE04EC0-301F-11D3-BF4B-00C04F79EFBC}") = "OA.DAL.OracleProvider", "OA.DAL.OracleProvider\OA.DAL.OracleProvider.csproj", "{6B932FB4-2A0B-4493-82E6-5EDA4D1EE9A2}"
EndProject
Project("{2150E333-8FDC-42A3-9474-1A3956D46DE8}") = "DAL", "DAL", "{470EB556-5369-48ED-AC7B-BFF4DF1AF5DF}"
EndProject
Project("{2150E333-8FDC-42A3-9474-1A3956D46DE8}") = "Providers", "Providers", "{5303952B-9785-49BC-9937-94AE3E64005C}"
EndProject
Project("{2150E333-8FDC-42A3-9474-1A3956D46DE8}") = "test", "test", "{C4AB3CCA-1517-41A9-85E1-3DC1F466E040}"
EndProject
Project("{FAE04EC0-301F-11D3-BF4B-00C04F79EFBC}") = "DDD", "DDD\DDD.csproj", "{9D1D7513-B7BC-4E1C-A76E-B6C46B446C87}"
EndProject
Project("{FAE04EC0-301F-11D3-BF4B-00C04F79EFBC}") = "testDDD", "testDDD\testDDD.csproj", "{2024F29E-2642-41AF-80A4-5B8EA7BC02A9}"
EndProject
Global
	GlobalSection(SolutionConfigurationPlatforms) = preSolution
		Debug|Any CPU = Debug|Any CPU
		Release|Any CPU = Release|Any CPU
	EndGlobalSection
	GlobalSection(ProjectConfigurationPlatforms) = postSolution
		{ABF1FDD1-5ED2-4EB6-B75A-7EB8902719E7}.Debug|Any CPU.ActiveCfg = Debug|Any CPU
		{ABF1FDD1-5ED2-4EB6-B75A-7EB8902719E7}.Debug|Any CPU.Build.0 = Debug|Any CPU
		{ABF1FDD1-5ED2-4EB6-B75A-7EB8902719E7}.Release|Any CPU.ActiveCfg = Release|Any CPU
		{ABF1FDD1-5ED2-4EB6-B75A-7EB8902719E7}.Release|Any CPU.Build.0 = Release|Any CPU
		{E13F22EF-6344-47D4-AFFF-3770E53A2928}.Debug|Any CPU.ActiveCfg = Debug|Any CPU
		{E13F22EF-6344-47D4-AFFF-3770E53A2928}.Debug|Any CPU.Build.0 = Debug|Any CPU
		{E13F22EF-6344-47D4-AFFF-3770E53A2928}.Release|Any CPU.ActiveCfg = Release|Any CPU
		{E13F22EF-6344-47D4-AFFF-3770E53A2928}.Release|Any CPU.Build.0 = Release|Any CPU
		{A3D89CDE-4187-480E-A844-091FCF348375}.Debug|Any CPU.ActiveCfg = Debug|Any CPU
		{A3D89CDE-4187-480E-A844-091FCF348375}.Debug|Any CPU.Build.0 = Debug|Any CPU
		{A3D89CDE-4187-480E-A844-091FCF348375}.Release|Any CPU.ActiveCfg = Release|Any CPU
		{A3D89CDE-4187-480E-A844-091FCF348375}.Release|Any CPU.Build.0 = Release|Any CPU
		{0E28B112-E036-4082-8940-FC943EFB6567}.Debug|Any CPU.ActiveCfg = Debug|Any CPU
		{0E28B112-E036-4082-8940-FC943EFB6567}.Debug|Any CPU.Build.0 = Debug|Any CPU
		{0E28B112-E036-4082-8940-FC943EFB6567}.Release|Any CPU.ActiveCfg = Release|Any CPU
		{0E28B112-E036-4082-8940-FC943EFB6567}.Release|Any CPU.Build.0 = Release|Any CPU
		{6424C288-BB17-4E15-BA15-4CA71B5785A7}.Debug|Any CPU.ActiveCfg = Debug|Any CPU
		{6424C288-BB17-4E15-BA15-4CA71B5785A7}.Debug|Any CPU.Build.0 = Debug|Any CPU
		{6424C288-BB17-4E15-BA15-4CA71B5785A7}.Release|Any CPU.ActiveCfg = Release|Any CPU
		{6424C288-BB17-4E15-BA15-4CA71B5785A7}.Release|Any CPU.Build.0 = Release|Any CPU
		{3CB345E4-FE3A-405C-BB17-A1A0B47DC589}.Debug|Any CPU.ActiveCfg = Debug|Any CPU
		{3CB345E4-FE3A-405C-BB17-A1A0B47DC589}.Debug|Any CPU.Build.0 = Debug|Any CPU
		{3CB345E4-FE3A-405C-BB17-A1A0B47DC589}.Release|Any CPU.ActiveCfg = Release|Any CPU
		{3CB345E4-FE3A-405C-BB17-A1A0B47DC589}.Release|Any CPU.Build.0 = Release|Any CPU
		{79838D27-1653-40B4-BAD9-193D1ECB0850}.Debug|Any CPU.ActiveCfg = Debug|Any CPU
		{79838D27-1653-40B4-BAD9-193D1ECB0850}.Debug|Any CPU.Build.0 = Debug|Any CPU
		{79838D27-1653-40B4-BAD9-193D1ECB0850}.Release|Any CPU.ActiveCfg = Release|Any CPU
		{79838D27-1653-40B4-BAD9-193D1ECB0850}.Release|Any CPU.Build.0 = Release|Any CPU
		{59802831-63E1-4132-A492-311B4CC8057E}.Debug|Any CPU.ActiveCfg = Debug|Any CPU
		{59802831-63E1-4132-A492-311B4CC8057E}.Debug|Any CPU.Build.0 = Debug|Any CPU
		{59802831-63E1-4132-A492-311B4CC8057E}.Release|Any CPU.ActiveCfg = Release|Any CPU
		{59802831-63E1-4132-A492-311B4CC8057E}.Release|Any CPU.Build.0 = Release|Any CPU
		{BF91283A-CD52-4188-B001-005E565C601A}.Debug|Any CPU.ActiveCfg = Debug|Any CPU
		{BF91283A-CD52-4188-B001-005E565C601A}.Debug|Any CPU.Build.0 = Debug|Any CPU
		{BF91283A-CD52-4188-B001-005E565C601A}.Release|Any CPU.ActiveCfg = Release|Any CPU
		{BF91283A-CD52-4188-B001-005E565C601A}.Release|Any CPU.Build.0 = Release|Any CPU
		{439C1286-75F8-4492-963B-7EA5B9336067}.Debug|Any CPU.ActiveCfg = Debug|Any CPU
		{439C1286-75F8-4492-963B-7EA5B9336067}.Debug|Any CPU.Build.0 = Debug|Any CPU
		{439C1286-75F8-4492-963B-7EA5B9336067}.Release|Any CPU.ActiveCfg = Release|Any CPU
		{439C1286-75F8-4492-963B-7EA5B9336067}.Release|Any CPU.Build.0 = Release|Any CPU
		{30FF1A06-3529-4975-8BF7-3A67411320B0}.Debug|Any CPU.ActiveCfg = Debug|Any CPU
		{30FF1A06-3529-4975-8BF7-3A67411320B0}.Debug|Any CPU.Build.0 = Debug|Any CPU
		{30FF1A06-3529-4975-8BF7-3A67411320B0}.Release|Any CPU.ActiveCfg = Release|Any CPU
		{30FF1A06-3529-4975-8BF7-3A67411320B0}.Release|Any CPU.Build.0 = Release|Any CPU
		{BB8C929C-9C29-4304-AE50-6FAD0B4E27F7}.Debug|Any CPU.ActiveCfg = Debug|Any CPU
		{BB8C929C-9C29-4304-AE50-6FAD0B4E27F7}.Debug|Any CPU.Build.0 = Debug|Any CPU
		{BB8C929C-9C29-4304-AE50-6FAD0B4E27F7}.Release|Any CPU.ActiveCfg = Release|Any CPU
		{BB8C929C-9C29-4304-AE50-6FAD0B4E27F7}.Release|Any CPU.Build.0 = Release|Any CPU
		{5A1B9A9E-993B-4C5B-B400-F2E911E10E86}.Debug|Any CPU.ActiveCfg = Debug|Any CPU
		{5A1B9A9E-993B-4C5B-B400-F2E911E10E86}.Debug|Any CPU.Build.0 = Debug|Any CPU
		{5A1B9A9E-993B-4C5B-B400-F2E911E10E86}.Release|Any CPU.ActiveCfg = Release|Any CPU
		{5A1B9A9E-993B-4C5B-B400-F2E911E10E86}.Release|Any CPU.Build.0 = Release|Any CPU
		{4151E39E-CAD0-43DE-A306-BF88CD5DD18B}.Debug|Any CPU.ActiveCfg = Debug|Any CPU
		{4151E39E-CAD0-43DE-A306-BF88CD5DD18B}.Debug|Any CPU.Build.0 = Debug|Any CPU
		{4151E39E-CAD0-43DE-A306-BF88CD5DD18B}.Release|Any CPU.ActiveCfg = Release|Any CPU
		{4151E39E-CAD0-43DE-A306-BF88CD5DD18B}.Release|Any CPU.Build.0 = Release|Any CPU
		{6B932FB4-2A0B-4493-82E6-5EDA4D1EE9A2}.Debug|Any CPU.ActiveCfg = Debug|Any CPU
		{6B932FB4-2A0B-4493-82E6-5EDA4D1EE9A2}.Debug|Any CPU.Build.0 = Debug|Any CPU
		{6B932FB4-2A0B-4493-82E6-5EDA4D1EE9A2}.Release|Any CPU.ActiveCfg = Release|Any CPU
		{6B932FB4-2A0B-4493-82E6-5EDA4D1EE9A2}.Release|Any CPU.Build.0 = Release|Any CPU
		{9D1D7513-B7BC-4E1C-A76E-B6C46B446C87}.Debug|Any CPU.ActiveCfg = Debug|Any CPU
		{9D1D7513-B7BC-4E1C-A76E-B6C46B446C87}.Debug|Any CPU.Build.0 = Debug|Any CPU
		{9D1D7513-B7BC-4E1C-A76E-B6C46B446C87}.Release|Any CPU.ActiveCfg = Release|Any CPU
		{9D1D7513-B7BC-4E1C-A76E-B6C46B446C87}.Release|Any CPU.Build.0 = Release|Any CPU
		{2024F29E-2642-41AF-80A4-5B8EA7BC02A9}.Debug|Any CPU.ActiveCfg = Debug|Any CPU
		{2024F29E-2642-41AF-80A4-5B8EA7BC02A9}.Debug|Any CPU.Build.0 = Debug|Any CPU
		{2024F29E-2642-41AF-80A4-5B8EA7BC02A9}.Release|Any CPU.ActiveCfg = Release|Any CPU
		{2024F29E-2642-41AF-80A4-5B8EA7BC02A9}.Release|Any CPU.Build.0 = Release|Any CPU
	EndGlobalSection
	GlobalSection(SolutionProperties) = preSolution
		HideSolutionNode = FALSE
	EndGlobalSection
	GlobalSection(NestedProjects) = preSolution
		{3CB345E4-FE3A-405C-BB17-A1A0B47DC589} = {68D90BE3-4ED2-4292-AB0A-6ADC98F2FE45}
		{79838D27-1653-40B4-BAD9-193D1ECB0850} = {68D90BE3-4ED2-4292-AB0A-6ADC98F2FE45}
		{59802831-63E1-4132-A492-311B4CC8057E} = {5303952B-9785-49BC-9937-94AE3E64005C}
		{BF91283A-CD52-4188-B001-005E565C601A} = {470EB556-5369-48ED-AC7B-BFF4DF1AF5DF}
		{439C1286-75F8-4492-963B-7EA5B9336067} = {470EB556-5369-48ED-AC7B-BFF4DF1AF5DF}
		{A12252E1-A889-4CC6-9446-F86EF33E79B1} = {68D90BE3-4ED2-4292-AB0A-6ADC98F2FE45}
		{30FF1A06-3529-4975-8BF7-3A67411320B0} = {A12252E1-A889-4CC6-9446-F86EF33E79B1}
		{BB8C929C-9C29-4304-AE50-6FAD0B4E27F7} = {68D90BE3-4ED2-4292-AB0A-6ADC98F2FE45}
		{5A1B9A9E-993B-4C5B-B400-F2E911E10E86} = {68D90BE3-4ED2-4292-AB0A-6ADC98F2FE45}
		{4151E39E-CAD0-43DE-A306-BF88CD5DD18B} = {A12252E1-A889-4CC6-9446-F86EF33E79B1}
		{6B932FB4-2A0B-4493-82E6-5EDA4D1EE9A2} = {5303952B-9785-49BC-9937-94AE3E64005C}
		{470EB556-5369-48ED-AC7B-BFF4DF1AF5DF} = {68D90BE3-4ED2-4292-AB0A-6ADC98F2FE45}
		{5303952B-9785-49BC-9937-94AE3E64005C} = {470EB556-5369-48ED-AC7B-BFF4DF1AF5DF}
		{9D1D7513-B7BC-4E1C-A76E-B6C46B446C87} = {C4AB3CCA-1517-41A9-85E1-3DC1F466E040}
		{2024F29E-2642-41AF-80A4-5B8EA7BC02A9} = {C4AB3CCA-1517-41A9-85E1-3DC1F466E040}
	EndGlobalSection
EndGlobal
